
Microsoft Visual Studio Solution File, Format Version 12.00
# Visual Studio Version 16
VisualStudioVersion = 16.0.31005.135
MinimumVisualStudioVersion = 10.0.40219.1
Project("{FAE04EC0-301F-11D3-BF4B-00C04F79EFBC}") = "ibudget.mvc", "ibudget.mvc\ibudget.mvc.csproj", "{D666DF6E-63E5-48C6-92C4-8DDE99BB22A7}"
EndProject
Global
	GlobalSection(SolutionConfigurationPlatforms) = preSolution
		Debug|Any CPU = Debug|Any CPU
		Release|Any CPU = Release|Any CPU
	EndGlobalSection
	GlobalSection(ProjectConfigurationPlatforms) = postSolution
		{D666DF6E-63E5-48C6-92C4-8DDE99BB22A7}.Debug|Any CPU.ActiveCfg = Debug|Any CPU
		{D666DF6E-63E5-48C6-92C4-8DDE99BB22A7}.Debug|Any CPU.Build.0 = Debug|Any CPU
		{D666DF6E-63E5-48C6-92C4-8DDE99BB22A7}.Release|Any CPU.ActiveCfg = Release|Any CPU
		{D666DF6E-63E5-48C6-92C4-8DDE99BB22A7}.Release|Any CPU.Build.0 = Release|Any CPU
	EndGlobalSection
	GlobalSection(SolutionProperties) = preSolution
		HideSolutionNode = FALSE
	EndGlobalSection
	GlobalSection(ExtensibilityGlobals) = postSolution
		SolutionGuid = {F771FC9B-5C3D-47BF-A4CF-A246CAE29B82}
	EndGlobalSection
EndGlobal
